
Microsoft Visual Studio Solution File, Format Version 12.00
# Visual Studio Version 17
VisualStudioVersion = 17.6.33723.286
MinimumVisualStudioVersion = 10.0.40219.1
Project("{FAE04EC0-301F-11D3-BF4B-00C04F79EFBC}") = "CLI Tool", "CLI Tool\CLI Tool.csproj", "{5ABFD3C0-B50C-4A51-88FA-AFE68738C945}"
EndProject
Global
	GlobalSection(SolutionConfigurationPlatforms) = preSolution
		Debug|Any CPU = Debug|Any CPU
		Release|Any CPU = Release|Any CPU
	EndGlobalSection
	GlobalSection(ProjectConfigurationPlatforms) = postSolution
		{5ABFD3C0-B50C-4A51-88FA-AFE68738C945}.Debug|Any CPU.ActiveCfg = Debug|Any CPU
		{5ABFD3C0-B50C-4A51-88FA-AFE68738C945}.Debug|Any CPU.Build.0 = Debug|Any CPU
		{5ABFD3C0-B50C-4A51-88FA-AFE68738C945}.Release|Any CPU.ActiveCfg = Release|Any CPU
		{5ABFD3C0-B50C-4A51-88FA-AFE68738C945}.Release|Any CPU.Build.0 = Release|Any CPU
	EndGlobalSection
	GlobalSection(SolutionProperties) = preSolution
		HideSolutionNode = FALSE
	EndGlobalSection
	GlobalSection(ExtensibilityGlobals) = postSolution
		SolutionGuid = {D429A0CD-7E16-4A72-8FA4-362C94BA9096}
	EndGlobalSection
EndGlobal
